
Microsoft Visual Studio Solution File, Format Version 12.00
# Visual Studio Version 17
VisualStudioVersion = 17.0.31919.166
MinimumVisualStudioVersion = 10.0.40219.1
Project("{FAE04EC0-301F-11D3-BF4B-00C04F79EFBC}") = "Ex1", "Ex1\Ex1.csproj", "{AC47475A-C451-4718-88D8-28E7635F2012}"
EndProject
Global
	GlobalSection(SolutionConfigurationPlatforms) = preSolution
		Debug|Any CPU = Debug|Any CPU
		Release|Any CPU = Release|Any CPU
	EndGlobalSection
	GlobalSection(ProjectConfigurationPlatforms) = postSolution
		{AC47475A-C451-4718-88D8-28E7635F2012}.Debug|Any CPU.ActiveCfg = Debug|Any CPU
		{AC47475A-C451-4718-88D8-28E7635F2012}.Debug|Any CPU.Build.0 = Debug|Any CPU
		{AC47475A-C451-4718-88D8-28E7635F2012}.Release|Any CPU.ActiveCfg = Release|Any CPU
		{AC47475A-C451-4718-88D8-28E7635F2012}.Release|Any CPU.Build.0 = Release|Any CPU
	EndGlobalSection
	GlobalSection(SolutionProperties) = preSolution
		HideSolutionNode = FALSE
	EndGlobalSection
	GlobalSection(ExtensibilityGlobals) = postSolution
		SolutionGuid = {2F5EE1D3-171E-499D-B93B-F06C910168EE}
	EndGlobalSection
EndGlobal
